
Microsoft Visual Studio Solution File, Format Version 12.00
# Visual Studio 14
VisualStudioVersion = 14.0.25420.1
MinimumVisualStudioVersion = 10.0.40219.1
Project("{8BC9CEB8-8B4A-11D0-8D11-00A0C91BC942}") = "bn_test", "bn_test\bn_test.vcxproj", "{CDC61C2C-AFBD-442F-B039-695C229A4A71}"
	ProjectSection(ProjectDependencies) = postProject
		{1E56D512-C522-4A47-8E0A-ECA8DA2501FA} = {1E56D512-C522-4A47-8E0A-ECA8DA2501FA}
	EndProjectSection
EndProject
Project("{8BC9CEB8-8B4A-11D0-8D11-00A0C91BC942}") = "bn", "bn\bn.vcxproj", "{FEDA9C8A-CF5C-488A-ACD4-7C4FC9431502}"
EndProject
Project("{8BC9CEB8-8B4A-11D0-8D11-00A0C91BC942}") = "bn_static", "bn_static\bn_static.vcxproj", "{1E56D512-C522-4A47-8E0A-ECA8DA2501FA}"
EndProject
Project("{8BC9CEB8-8B4A-11D0-8D11-00A0C91BC942}") = "dh_gen", "dh_gen\dh_gen.vcxproj", "{699DD870-10D1-4126-832B-8B6CC206B5BA}"
EndProject
Project("{8BC9CEB8-8B4A-11D0-8D11-00A0C91BC942}") = "dh_gen_static", "dh_gen_static\dh_gen_static.vcxproj", "{4333FC85-D139-40FD-A59E-63A9F8BC96B4}"
EndProject
Global
	GlobalSection(SolutionConfigurationPlatforms) = preSolution
		Debug|x64 = Debug|x64
		Debug|x86 = Debug|x86
		Release|x64 = Release|x64
		Release|x86 = Release|x86
	EndGlobalSection
	GlobalSection(ProjectConfigurationPlatforms) = postSolution
		{CDC61C2C-AFBD-442F-B039-695C229A4A71}.Debug|x64.ActiveCfg = Debug|x64
		{CDC61C2C-AFBD-442F-B039-695C229A4A71}.Debug|x64.Build.0 = Debug|x64
		{CDC61C2C-AFBD-442F-B039-695C229A4A71}.Debug|x86.ActiveCfg = Debug|Win32
		{CDC61C2C-AFBD-442F-B039-695C229A4A71}.Debug|x86.Build.0 = Debug|Win32
		{CDC61C2C-AFBD-442F-B039-695C229A4A71}.Release|x64.ActiveCfg = Release|x64
		{CDC61C2C-AFBD-442F-B039-695C229A4A71}.Release|x64.Build.0 = Release|x64
		{CDC61C2C-AFBD-442F-B039-695C229A4A71}.Release|x86.ActiveCfg = Release|Win32
		{CDC61C2C-AFBD-442F-B039-695C229A4A71}.Release|x86.Build.0 = Release|Win32
		{FEDA9C8A-CF5C-488A-ACD4-7C4FC9431502}.Debug|x64.ActiveCfg = Debug|x64
		{FEDA9C8A-CF5C-488A-ACD4-7C4FC9431502}.Debug|x64.Build.0 = Debug|x64
		{FEDA9C8A-CF5C-488A-ACD4-7C4FC9431502}.Debug|x86.ActiveCfg = Debug|Win32
		{FEDA9C8A-CF5C-488A-ACD4-7C4FC9431502}.Debug|x86.Build.0 = Debug|Win32
		{FEDA9C8A-CF5C-488A-ACD4-7C4FC9431502}.Release|x64.ActiveCfg = Release|x64
		{FEDA9C8A-CF5C-488A-ACD4-7C4FC9431502}.Release|x64.Build.0 = Release|x64
		{FEDA9C8A-CF5C-488A-ACD4-7C4FC9431502}.Release|x86.ActiveCfg = Release|Win32
		{FEDA9C8A-CF5C-488A-ACD4-7C4FC9431502}.Release|x86.Build.0 = Release|Win32
		{1E56D512-C522-4A47-8E0A-ECA8DA2501FA}.Debug|x64.ActiveCfg = Debug|x64
		{1E56D512-C522-4A47-8E0A-ECA8DA2501FA}.Debug|x64.Build.0 = Debug|x64
		{1E56D512-C522-4A47-8E0A-ECA8DA2501FA}.Debug|x86.ActiveCfg = Debug|Win32
		{1E56D512-C522-4A47-8E0A-ECA8DA2501FA}.Debug|x86.Build.0 = Debug|Win32
		{1E56D512-C522-4A47-8E0A-ECA8DA2501FA}.Release|x64.ActiveCfg = Release|x64
		{1E56D512-C522-4A47-8E0A-ECA8DA2501FA}.Release|x64.Build.0 = Release|x64
		{1E56D512-C522-4A47-8E0A-ECA8DA2501FA}.Release|x86.ActiveCfg = Release|Win32
		{1E56D512-C522-4A47-8E0A-ECA8DA2501FA}.Release|x86.Build.0 = Release|Win32
		{699DD870-10D1-4126-832B-8B6CC206B5BA}.Debug|x64.ActiveCfg = Debug|x64
		{699DD870-10D1-4126-832B-8B6CC206B5BA}.Debug|x64.Build.0 = Debug|x64
		{699DD870-10D1-4126-832B-8B6CC206B5BA}.Debug|x86.ActiveCfg = Debug|Win32
		{699DD870-10D1-4126-832B-8B6CC206B5BA}.Debug|x86.Build.0 = Debug|Win32
		{699DD870-10D1-4126-832B-8B6CC206B5BA}.Release|x64.ActiveCfg = Release|x64
		{699DD870-10D1-4126-832B-8B6CC206B5BA}.Release|x64.Build.0 = Release|x64
		{699DD870-10D1-4126-832B-8B6CC206B5BA}.Release|x86.ActiveCfg = Release|Win32
		{699DD870-10D1-4126-832B-8B6CC206B5BA}.Release|x86.Build.0 = Release|Win32
		{4333FC85-D139-40FD-A59E-63A9F8BC96B4}.Debug|x64.ActiveCfg = Debug|x64
		{4333FC85-D139-40FD-A59E-63A9F8BC96B4}.Debug|x64.Build.0 = Debug|x64
		{4333FC85-D139-40FD-A59E-63A9F8BC96B4}.Debug|x86.ActiveCfg = Debug|Win32
		{4333FC85-D139-40FD-A59E-63A9F8BC96B4}.Debug|x86.Build.0 = Debug|Win32
		{4333FC85-D139-40FD-A59E-63A9F8BC96B4}.Release|x64.ActiveCfg = Release|x64
		{4333FC85-D139-40FD-A59E-63A9F8BC96B4}.Release|x64.Build.0 = Release|x64
		{4333FC85-D139-40FD-A59E-63A9F8BC96B4}.Release|x86.ActiveCfg = Release|Win32
		{4333FC85-D139-40FD-A59E-63A9F8BC96B4}.Release|x86.Build.0 = Release|Win32
	EndGlobalSection
	GlobalSection(SolutionProperties) = preSolution
		HideSolutionNode = FALSE
	EndGlobalSection
EndGlobal
