<?xml version="1.0" encoding="utf-8"?>
<Project ToolsVersion="4.0" xmlns="http://schemas.microsoft.com/developer/msbuild/2003">
  <ItemGroup>
    <ClCompile Include="nxrmshelladdon.cpp">
      <Filter>src</Filter>
    </ClCompile>
    <ClCompile Include="dllmain.cpp">
      <Filter>src</Filter>
    </ClCompile>
    <ClCompile Include="stdafx.cpp">
      <Filter>src</Filter>
    </ClCompile>
    <ClCompile Include="FakeOverlayIcon.cpp">
      <Filter>src</Filter>
    </ClCompile>
    <ClCompile Include="nxrmshelladdon_i.c">
      <Filter>Generated</Filter>
    </ClCompile>
    <ClCompile Include="CopyHookObj.cpp">
      <Filter>src</Filter>
    </ClCompile>
  </ItemGroup>
  <ItemGroup>
    <ClInclude Include="..\inc\dllmain.h">
      <Filter>inc</Filter>
    </ClInclude>
    <ClInclude Include="resource.h">
      <Filter>inc</Filter>
    </ClInclude>
    <ClInclude Include="..\inc\stdafx.h">
      <Filter>inc</Filter>
    </ClInclude>
    <ClInclude Include="..\inc\targetver.h">
      <Filter>inc</Filter>
    </ClInclude>
    <ClInclude Include="..\inc\FakeOverlayIcon.h">
      <Filter>inc</Filter>
    </ClInclude>
    <ClInclude Include="..\inc\CopyHookObj.h">
      <Filter>inc</Filter>
    </ClInclude>
  </ItemGroup>
  <ItemGroup>
    <None Include="nxrmshelladdon.def">
      <Filter>src</Filter>
    </None>
    <None Include="nxrmshelladdon.rgs">
      <Filter>Resources</Filter>
    </None>
    <None Include="FakeOverlayIcon.rgs">
      <Filter>Resources</Filter>
    </None>
    <None Include="CopyHookObj.rgs">
      <Filter>Resources</Filter>
    </None>
  </ItemGroup>
  <ItemGroup>
    <Filter Include="inc">
      <UniqueIdentifier>{57828147-e515-4f32-8b4f-a41725363ac1}</UniqueIdentifier>
    </Filter>
    <Filter Include="src">
      <UniqueIdentifier>{ec50465f-31a4-49f8-ad31-5672e0178d6d}</UniqueIdentifier>
    </Filter>
    <Filter Include="Resources">
      <UniqueIdentifier>{a83974b0-ec1a-4883-9d7b-53db026ba0c7}</UniqueIdentifier>
    </Filter>
    <Filter Include="Generated">
      <UniqueIdentifier>{e5700753-891b-443b-80d3-dda1baeb7295}</UniqueIdentifier>
    </Filter>
  </ItemGroup>
  <ItemGroup>
    <Midl Include="nxrmshelladdon.idl">
      <Filter>src</Filter>
    </Midl>
  </ItemGroup>
  <ItemGroup>
    <ResourceCompile Include="nxrmshelladdon.rc">
      <Filter>Resources</Filter>
    </ResourceCompile>
  </ItemGroup>
  <ItemGroup>
    <Image Include="lock.ico">
      <Filter>Resources</Filter>
    </Image>
  </ItemGroup>
</Project>